# THIS IS AN AUTOGENERATED FILE. DO NOT EDIT THIS FILE DIRECTLY.
# yarn lockfile v1


"@tmcw/togeojson@^3.0.1":
  version "3.0.1"
  resolved "https://registry.yarnpkg.com/@tmcw/togeojson/-/togeojson-3.0.1.tgz#f5dc5f1d85f2308fdf23bfb1545563335ff96b88"
  integrity sha512-aFPD/YIHRHOkqgvsikrN6AUB4ifHnqYUHbVLr8HsbrWfvjiTEDE9I4Zra+fPL4UamfiYIvMjkHJecZ3eqph/FQ==

minimist@^1.2.0:
  version "1.2.0"
  resolved "https://registry.yarnpkg.com/minimist/-/minimist-1.2.0.tgz#a35008b20f41383eec1fb914f4cd5df79a264284"
  integrity sha1-o1AIsg9BOD7sH7kU9M1d95omQoQ=

prettier@^1.18.2:
  version "1.18.2"
  resolved "https://registry.yarnpkg.com/prettier/-/prettier-1.18.2.tgz#6823e7c5900017b4bd3acf46fe9ac4b4d7bda9ea"
  integrity sha512-OeHeMc0JhFE9idD4ZdtNibzY0+TPHSpSSb9h8FqtP+YnoZZ1sl8Vc9b1sasjfymH3SonAF4QcA2+mzHPhMvIiw==

xmldom@^0.5.0:
  version "0.5.0"
  resolved "https://registry.yarnpkg.com/xmldom/-/xmldom-0.5.0.tgz#193cb96b84aa3486127ea6272c4596354cb4962e"
  integrity sha512-Foaj5FXVzgn7xFzsKeNIde9g6aFBxTPi37iwsno8QvApmtg7KYrr+OPyRHcJF7dud2a5nGRBXK3n0dL62Gf7PA==
